{
  "requires": true,
  "lockfileVersion": 1,
  "dependencies": {
    "react-hook-form": {
      "version": "6.11.2",
      "resolved": "https://registry.npmjs.org/react-hook-form/-/react-hook-form-6.11.2.tgz",
      "integrity": "sha512-3Go23kq3JAsUi5xNtOBi2YVJALufmycyS8eA/hdriAbj3U7/lffPlcl0QWviSy4L0EE+dsQwEX2YSTyMMADQsw=="
    }
  }
}
